
Microsoft Visual Studio Solution File, Format Version 12.00
# Visual Studio Version 17
VisualStudioVersion = 17.6.33829.357
MinimumVisualStudioVersion = 10.0.40219.1
Project("{FAE04EC0-301F-11D3-BF4B-00C04F79EFBC}") = "Homework4", "Homework4\Homework4.csproj", "{28D71373-B528-4241-8777-A0DA37FF9E9D}"
EndProject
Global
	GlobalSection(SolutionConfigurationPlatforms) = preSolution
		Debug|Any CPU = Debug|Any CPU
		Release|Any CPU = Release|Any CPU
	EndGlobalSection
	GlobalSection(ProjectConfigurationPlatforms) = postSolution
		{28D71373-B528-4241-8777-A0DA37FF9E9D}.Debug|Any CPU.ActiveCfg = Debug|Any CPU
		{28D71373-B528-4241-8777-A0DA37FF9E9D}.Debug|Any CPU.Build.0 = Debug|Any CPU
		{28D71373-B528-4241-8777-A0DA37FF9E9D}.Release|Any CPU.ActiveCfg = Release|Any CPU
		{28D71373-B528-4241-8777-A0DA37FF9E9D}.Release|Any CPU.Build.0 = Release|Any CPU
	EndGlobalSection
	GlobalSection(SolutionProperties) = preSolution
		HideSolutionNode = FALSE
	EndGlobalSection
	GlobalSection(ExtensibilityGlobals) = postSolution
		SolutionGuid = {90E728CF-EA7D-440C-BE84-73360E60A94E}
	EndGlobalSection
EndGlobal
